
Microsoft Visual Studio Solution File, Format Version 11.00
# Visual C++ Express 2010
Project("{8BC9CEB8-8B4A-11D0-8D11-00A0C91BC942}") = "Hw2", "Hw2\Hw2.vcxproj", "{53CF3AD8-A989-4DF5-B9ED-3FD4617A7229}"
EndProject
Global
	GlobalSection(SolutionConfigurationPlatforms) = preSolution
		Debug|Win32 = Debug|Win32
		Release|Win32 = Release|Win32
	EndGlobalSection
	GlobalSection(ProjectConfigurationPlatforms) = postSolution
		{53CF3AD8-A989-4DF5-B9ED-3FD4617A7229}.Debug|Win32.ActiveCfg = Debug|Win32
		{53CF3AD8-A989-4DF5-B9ED-3FD4617A7229}.Debug|Win32.Build.0 = Debug|Win32
		{53CF3AD8-A989-4DF5-B9ED-3FD4617A7229}.Release|Win32.ActiveCfg = Release|Win32
		{53CF3AD8-A989-4DF5-B9ED-3FD4617A7229}.Release|Win32.Build.0 = Release|Win32
	EndGlobalSection
	GlobalSection(SolutionProperties) = preSolution
		HideSolutionNode = FALSE
	EndGlobalSection
EndGlobal
